[[package]]
name = "annotated-types"
version = "0.6.0"
description = "Reusable constraint types to use with typing.Annotated"
category = "main"
optional = false
python-versions = ">=3.8"

[[package]]
name = "anyio"
version = "4.3.0"
description = "High level compatibility layer for multiple asynchronous event loop implementations"
category = "main"
optional = false
python-versions = ">=3.8"

[package.dependencies]
exceptiongroup = {version = ">=1.0.2", markers = "python_version < \"3.11\""}
idna = ">=2.8"
sniffio = ">=1.1"
typing-extensions = {version = ">=4.1", markers = "python_version < \"3.11\""}

[package.extras]
doc = ["packaging", "Sphinx (>=7)", "sphinx-rtd-theme", "sphinx-autodoc-typehints (>=1.2.0)"]
test = ["anyio", "coverage[toml] (>=7)", "exceptiongroup (>=1.2.0)", "hypothesis (>=4.0)", "psutil (>=5.9)", "pytest (>=7.0)", "pytest-mock (>=3.6.1)", "trustme", "uvloop (>=0.17)"]
trio = ["trio (>=0.23)"]

[[package]]
name = "appnope"
version = "0.1.4"
description = "Disable App Nap on macOS >= 10.9"
category = "main"
optional = false
python-versions = ">=3.6"

[[package]]
name = "asgiref"
version = "3.7.2"
description = "ASGI specs, helper code, and adapters"
category = "main"
optional = false
python-versions = ">=3.7"

[package.dependencies]
typing-extensions = {version = ">=4", markers = "python_version < \"3.11\""}

[package.extras]
tests = ["pytest", "pytest-asyncio", "mypy (>=0.800)"]

[[package]]
name = "asttokens"
version = "2.4.1"
description = "Annotate AST trees with source code positions"
category = "main"
optional = false
python-versions = "*"

[package.dependencies]
six = ">=1.12.0"

[package.extras]
astroid = ["astroid (>=1,<2)", "astroid (>=2,<4)"]
test = ["pytest", "astroid (>=1,<2)", "astroid (>=2,<4)"]

[[package]]
name = "backoff"
version = "2.2.1"
description = "Function decoration for backoff and retry"
category = "main"
optional = false
python-versions = ">=3.7,<4.0"

[[package]]
name = "bcrypt"
version = "4.1.2"
description = "Modern password hashing for your software and your servers"
category = "main"
optional = false
python-versions = ">=3.7"

[package.extras]
tests = ["pytest (>=3.2.1,!=3.3.0)"]
typecheck = ["mypy"]

[[package]]
name = "build"
version = "1.1.1"
description = "A simple, correct Python build frontend"
category = "main"
optional = false
python-versions = ">= 3.7"

[package.dependencies]
colorama = {version = "*", markers = "os_name == \"nt\""}
importlib-metadata = {version = ">=4.6", markers = "python_full_version < \"3.10.2\""}
packaging = ">=19.0"
pyproject_hooks = "*"
tomli = {version = ">=1.1.0", markers = "python_version < \"3.11\""}

[package.extras]
docs = ["furo (>=2023.08.17)", "sphinx (>=7.0,<8.0)", "sphinx-argparse-cli (>=1.5)", "sphinx-autodoc-typehints (>=1.10)", "sphinx-issues (>=3.0.0)"]
test = ["filelock (>=3)", "pytest (>=6.2.4)", "pytest-cov (>=2.12)", "pytest-mock (>=2)", "pytest-rerunfailures (>=9.1)", "pytest-xdist (>=1.34)", "wheel (>=0.36.0)", "setuptools (>=42.0.0)", "setuptools (>=56.0.0)", "setuptools (>=56.0.0)", "setuptools (>=67.8.0)"]
typing = ["importlib-metadata (>=5.1)", "mypy (>=1.5.0,<1.6.0)", "tomli", "typing-extensions (>=3.7.4.3)"]
virtualenv = ["virtualenv (>=20.0.35)"]

[[package]]
name = "cachetools"
version = "5.3.3"
description = "Extensible memoizing collections and decorators"
category = "main"
optional = false
python-versions = ">=3.7"

[[package]]
name = "certifi"
version = "2024.2.2"
description = "Python package for providing Mozilla's CA Bundle."
category = "main"
optional = false
python-versions = ">=3.6"

[[package]]
name = "cffi"
version = "1.16.0"
description = "Foreign Function Interface for Python calling C code."
category = "main"
optional = false
python-versions = ">=3.8"

[package.dependencies]
pycparser = "*"

[[package]]
name = "charset-normalizer"
version = "3.3.2"
description = "The Real First Universal Charset Detector. Open, modern and actively maintained alternative to Chardet."
category = "main"
optional = false
python-versions = ">=3.7.0"

[[package]]
name = "chroma-hnswlib"
version = "0.7.3"
description = "Chromas fork of hnswlib"
category = "main"
optional = false
python-versions = "*"

[package.dependencies]
numpy = "*"

[[package]]
name = "chromadb"
version = "0.4.24"
description = "Chroma."
category = "main"
optional = false
python-versions = ">=3.8"

[package.dependencies]
bcrypt = ">=4.0.1"
build = ">=1.0.3"
chroma-hnswlib = "0.7.3"
fastapi = ">=0.95.2"
grpcio = ">=1.58.0"
importlib-resources = "*"
kubernetes = ">=28.1.0"
mmh3 = ">=4.0.1"
numpy = ">=1.22.5"
onnxruntime = ">=1.14.1"
opentelemetry-api = ">=1.2.0"
opentelemetry-exporter-otlp-proto-grpc = ">=1.2.0"
opentelemetry-instrumentation-fastapi = ">=0.41b0"
opentelemetry-sdk = ">=1.2.0"
orjson = ">=3.9.12"
overrides = ">=7.3.1"
posthog = ">=2.4.0"
pulsar-client = ">=3.1.0"
pydantic = ">=1.9"
pypika = ">=0.48.9"
PyYAML = ">=6.0.0"
requests = ">=2.28"
tenacity = ">=8.2.3"
tokenizers = ">=0.13.2"
tqdm = ">=4.65.0"
typer = ">=0.9.0"
typing-extensions = ">=4.5.0"
uvicorn = {version = ">=0.18.3", extras = ["standard"]}

[[package]]
name = "click"
version = "8.1.7"
description = "Composable command line interface toolkit"
category = "main"
optional = false
python-versions = ">=3.7"

[package.dependencies]
colorama = {version = "*", markers = "platform_system == \"Windows\""}

[[package]]
name = "colorama"
version = "0.4.6"
description = "Cross-platform colored terminal text."
category = "main"
optional = false
python-versions = "!=3.0.*,!=3.1.*,!=3.2.*,!=3.3.*,!=3.4.*,!=3.5.*,!=3.6.*,>=2.7"

[[package]]
name = "coloredlogs"
version = "15.0.1"
description = "Colored terminal output for Python's logging module"
category = "main"
optional = false
python-versions = ">=2.7, !=3.0.*, !=3.1.*, !=3.2.*, !=3.3.*, !=3.4.*"

[package.dependencies]
humanfriendly = ">=9.1"

[package.extras]
cron = ["capturer (>=2.4)"]

[[package]]
name = "comm"
version = "0.2.2"
description = "Jupyter Python Comm implementation, for usage in ipykernel, xeus-python etc."
category = "main"
optional = false
python-versions = ">=3.8"

[package.dependencies]
traitlets = ">=4"

[package.extras]
test = ["pytest"]

[[package]]
name = "debugpy"
version = "1.8.1"
description = "An implementation of the Debug Adapter Protocol for Python"
category = "main"
optional = false
python-versions = ">=3.8"

[[package]]
name = "decorator"
version = "5.1.1"
description = "Decorators for Humans"
category = "main"
optional = false
python-versions = ">=3.5"

[[package]]
name = "deprecated"
version = "1.2.14"
description = "Python @deprecated decorator to deprecate old python classes, functions or methods."
category = "main"
optional = false
python-versions = ">=2.7, !=3.0.*, !=3.1.*, !=3.2.*, !=3.3.*"

[package.dependencies]
wrapt = ">=1.10,<2"

[package.extras]
dev = ["tox", "pytest", "pytest-cov", "bump2version (<1)", "sphinx (<2)"]

[[package]]
name = "distro"
version = "1.9.0"
description = "Distro - an OS platform information API"
category = "main"
optional = false
python-versions = ">=3.6"

[[package]]
name = "exceptiongroup"
version = "1.2.0"
description = "Backport of PEP 654 (exception groups)"
category = "main"
optional = false
python-versions = ">=3.7"

[package.extras]
test = ["pytest (>=6)"]

[[package]]
name = "executing"
version = "2.0.1"
description = "Get the currently executing AST node of a frame, and other information"
category = "main"
optional = false
python-versions = ">=3.5"

[package.extras]
tests = ["asttokens (>=2.1.0)", "ipython", "pytest", "coverage", "coverage-enable-subprocess", "littleutils", "rich"]

[[package]]
name = "fastapi"
version = "0.110.0"
description = "FastAPI framework, high performance, easy to learn, fast to code, ready for production"
category = "main"
optional = false
python-versions = ">=3.8"

[package.dependencies]
pydantic = ">=1.7.4,<1.8 || >1.8,<1.8.1 || >1.8.1,<2.0.0 || >2.0.0,<2.0.1 || >2.0.1,<2.1.0 || >2.1.0,<3.0.0"
starlette = ">=0.36.3,<0.37.0"
typing-extensions = ">=4.8.0"

[package.extras]
all = ["email-validator (>=2.0.0)", "httpx (>=0.23.0)", "itsdangerous (>=1.1.0)", "jinja2 (>=2.11.2)", "orjson (>=3.2.1)", "pydantic-extra-types (>=2.0.0)", "pydantic-settings (>=2.0.0)", "python-multipart (>=0.0.7)", "pyyaml (>=5.3.1)", "ujson (>=4.0.1,!=4.0.2,!=4.1.0,!=4.2.0,!=4.3.0,!=5.0.0,!=5.1.0)", "uvicorn[standard] (>=0.12.0)"]

[[package]]
name = "filelock"
version = "3.13.1"
description = "A platform independent file lock."
category = "main"
optional = false
python-versions = ">=3.8"

[package.extras]
docs = ["furo (>=2023.9.10)", "sphinx-autodoc-typehints (>=1.24)", "sphinx (>=7.2.6)"]
testing = ["covdefaults (>=2.3)", "coverage (>=7.3.2)", "diff-cover (>=8)", "pytest-cov (>=4.1)", "pytest-mock (>=3.12)", "pytest-timeout (>=2.2)", "pytest (>=7.4.3)"]
typing = ["typing-extensions (>=4.8)"]

[[package]]
name = "flatbuffers"
version = "24.3.7"
description = "The FlatBuffers serialization format for Python"
category = "main"
optional = false
python-versions = "*"

[[package]]
name = "fsspec"
version = "2024.2.0"
description = "File-system specification"
category = "main"
optional = false
python-versions = ">=3.8"

[package.extras]
abfs = ["adlfs"]
adl = ["adlfs"]
arrow = ["pyarrow (>=1)"]
dask = ["dask", "distributed"]
devel = ["pytest", "pytest-cov"]
dropbox = ["dropboxdrivefs", "requests", "dropbox"]
full = ["adlfs", "aiohttp (!=4.0.0a0,!=4.0.0a1)", "dask", "distributed", "dropbox", "dropboxdrivefs", "fusepy", "gcsfs", "libarchive-c", "ocifs", "panel", "paramiko", "pyarrow (>=1)", "pygit2", "requests", "s3fs", "smbprotocol", "tqdm"]
fuse = ["fusepy"]
gcs = ["gcsfs"]
git = ["pygit2"]
github = ["requests"]
gs = ["gcsfs"]
gui = ["panel"]
hdfs = ["pyarrow (>=1)"]
http = ["aiohttp (!=4.0.0a0,!=4.0.0a1)"]
libarchive = ["libarchive-c"]
oci = ["ocifs"]
s3 = ["s3fs"]
sftp = ["paramiko"]
smb = ["smbprotocol"]
ssh = ["paramiko"]
tqdm = ["tqdm"]

[[package]]
name = "google-auth"
version = "2.28.2"
description = "Google Authentication Library"
category = "main"
optional = false
python-versions = ">=3.7"

[package.dependencies]
cachetools = ">=2.0.0,<6.0"
pyasn1-modules = ">=0.2.1"
rsa = ">=3.1.4,<5"

[package.extras]
aiohttp = ["aiohttp (>=3.6.2,<4.0.0.dev0)", "requests (>=2.20.0,<3.0.0.dev0)"]
enterprise_cert = ["cryptography (==36.0.2)", "pyopenssl (==22.0.0)"]
pyopenssl = ["pyopenssl (>=20.0.0)", "cryptography (>=38.0.3)"]
reauth = ["pyu2f (>=0.1.5)"]
requests = ["requests (>=2.20.0,<3.0.0.dev0)"]

[[package]]
name = "googleapis-common-protos"
version = "1.63.0"
description = "Common protobufs used in Google APIs"
category = "main"
optional = false
python-versions = ">=3.7"

[package.dependencies]
protobuf = ">=3.19.5,<3.20.0 || >3.20.0,<3.20.1 || >3.20.1,<4.21.1 || >4.21.1,<4.21.2 || >4.21.2,<4.21.3 || >4.21.3,<4.21.4 || >4.21.4,<4.21.5 || >4.21.5,<5.0.0.dev0"

[package.extras]
grpc = ["grpcio (>=1.44.0,<2.0.0.dev0)"]

[[package]]
name = "grpcio"
version = "1.62.1"
description = "HTTP/2-based RPC framework"
category = "main"
optional = false
python-versions = ">=3.7"

[package.extras]
protobuf = ["grpcio-tools (>=1.62.1)"]

[[package]]
name = "h11"
version = "0.14.0"
description = "A pure-Python, bring-your-own-I/O implementation of HTTP/1.1"
category = "main"
optional = false
python-versions = ">=3.7"

[[package]]
name = "httpcore"
version = "1.0.5"
description = "A minimal low-level HTTP client."
category = "main"
optional = false
python-versions = ">=3.8"

[package.dependencies]
certifi = "*"
h11 = ">=0.13,<0.15"

[package.extras]
asyncio = ["anyio (>=4.0,<5.0)"]
http2 = ["h2 (>=3,<5)"]
socks = ["socksio (>=1.0.0,<2.0.0)"]
trio = ["trio (>=0.22.0,<0.26.0)"]

[[package]]
name = "httptools"
version = "0.6.1"
description = "A collection of framework independent HTTP protocol utils."
category = "main"
optional = false
python-versions = ">=3.8.0"

[package.extras]
test = ["Cython (>=0.29.24,<0.30.0)"]

[[package]]
name = "httpx"
version = "0.27.0"
description = "The next generation HTTP client."
category = "main"
optional = false
python-versions = ">=3.8"

[package.dependencies]
anyio = "*"
certifi = "*"
httpcore = ">=1.0.0,<2.0.0"
idna = "*"
sniffio = "*"

[package.extras]
brotli = ["brotli", "brotlicffi"]
cli = ["click (>=8.0.0,<9.0.0)", "pygments (>=2.0.0,<3.0.0)", "rich (>=10,<14)"]
http2 = ["h2 (>=3,<5)"]
socks = ["socksio (>=1.0.0,<2.0.0)"]

[[package]]
name = "huggingface-hub"
version = "0.21.4"
description = "Client library to download and publish models, datasets and other repos on the huggingface.co hub"
category = "main"
optional = false
python-versions = ">=3.8.0"

[package.dependencies]
filelock = "*"
fsspec = ">=2023.5.0"
packaging = ">=20.9"
pyyaml = ">=5.1"
requests = "*"
tqdm = ">=4.42.1"
typing-extensions = ">=3.7.4.3"

[package.extras]
all = ["InquirerPy (==0.3.4)", "aiohttp", "jedi", "jinja2", "pytest", "pytest-cov", "pytest-env", "pytest-xdist", "pytest-vcr", "pytest-asyncio", "pytest-rerunfailures", "urllib3 (<2.0)", "soundfile", "pillow", "gradio", "numpy", "ruff (>=0.1.3)", "mypy (==1.5.1)", "typing-extensions (>=4.8.0)", "types-pyyaml", "types-requests", "types-simplejson", "types-toml", "types-tqdm", "types-urllib3", "pydantic (>1.1,<2.0)", "pydantic (>1.1,<3.0)"]
cli = ["InquirerPy (==0.3.4)"]
dev = ["InquirerPy (==0.3.4)", "aiohttp", "jedi", "jinja2", "pytest", "pytest-cov", "pytest-env", "pytest-xdist", "pytest-vcr", "pytest-asyncio", "pytest-rerunfailures", "urllib3 (<2.0)", "soundfile", "pillow", "gradio", "numpy", "ruff (>=0.1.3)", "mypy (==1.5.1)", "typing-extensions (>=4.8.0)", "types-pyyaml", "types-requests", "types-simplejson", "types-toml", "types-tqdm", "types-urllib3", "pydantic (>1.1,<2.0)", "pydantic (>1.1,<3.0)"]
fastai = ["toml", "fastai (>=2.4)", "fastcore (>=1.3.27)"]
hf_transfer = ["hf-transfer (>=0.1.4)"]
inference = ["aiohttp", "pydantic (>1.1,<2.0)", "pydantic (>1.1,<3.0)"]
quality = ["ruff (>=0.1.3)", "mypy (==1.5.1)"]
tensorflow = ["tensorflow", "pydot", "graphviz"]
testing = ["InquirerPy (==0.3.4)", "aiohttp", "jedi", "jinja2", "pytest", "pytest-cov", "pytest-env", "pytest-xdist", "pytest-vcr", "pytest-asyncio", "pytest-rerunfailures", "urllib3 (<2.0)", "soundfile", "pillow", "gradio", "numpy", "pydantic (>1.1,<2.0)", "pydantic (>1.1,<3.0)"]
torch = ["torch", "safetensors"]
typing = ["typing-extensions (>=4.8.0)", "types-pyyaml", "types-requests", "types-simplejson", "types-toml", "types-tqdm", "types-urllib3"]

[[package]]
name = "humanfriendly"
version = "10.0"
description = "Human friendly output for text interfaces using Python"
category = "main"
optional = false
python-versions = ">=2.7, !=3.0.*, !=3.1.*, !=3.2.*, !=3.3.*, !=3.4.*"

[package.dependencies]
pyreadline3 = {version = "*", markers = "sys_platform == \"win32\" and python_version >= \"3.8\""}

[[package]]
name = "idna"
version = "3.6"
description = "Internationalized Domain Names in Applications (IDNA)"
category = "main"
optional = false
python-versions = ">=3.5"

[[package]]
name = "importlib-metadata"
version = "6.11.0"
description = "Read metadata from Python packages"
category = "main"
optional = false
python-versions = ">=3.8"

[package.dependencies]
zipp = ">=0.5"

[package.extras]
docs = ["sphinx (>=3.5)", "sphinx (<7.2.5)", "jaraco.packaging (>=9.3)", "rst.linker (>=1.9)", "furo", "sphinx-lint", "jaraco.tidelift (>=1.4)"]
perf = ["ipython"]
testing = ["pytest (>=6)", "pytest-checkdocs (>=2.4)", "pytest-cov", "pytest-enabler (>=2.2)", "pytest-ruff", "packaging", "pyfakefs", "flufl.flake8", "pytest-perf (>=0.9.2)", "pytest-black (>=0.3.7)", "pytest-mypy (>=0.9.1)", "importlib-resources (>=1.3)"]

[[package]]
name = "importlib-resources"
version = "6.3.0"
description = "Read resources from Python packages"
category = "main"
optional = false
python-versions = ">=3.8"

[package.extras]
docs = ["sphinx (>=3.5)", "sphinx (<7.2.5)", "jaraco.packaging (>=9.3)", "rst.linker (>=1.9)", "furo", "sphinx-lint", "jaraco.tidelift (>=1.4)"]
testing = ["pytest (>=6)", "pytest-checkdocs (>=2.4)", "pytest-cov", "pytest-enabler (>=2.2)", "pytest-ruff (>=0.2.1)", "zipp (>=3.17)", "jaraco.collections", "pytest-mypy"]

[[package]]
name = "ipykernel"
version = "6.29.4"
description = "IPython Kernel for Jupyter"
category = "main"
optional = false
python-versions = ">=3.8"

[package.dependencies]
appnope = {version = "*", markers = "platform_system == \"Darwin\""}
comm = ">=0.1.1"
debugpy = ">=1.6.5"
ipython = ">=7.23.1"
jupyter-client = ">=6.1.12"
jupyter-core = ">=4.12,<5.0.0 || >=5.1.0"
matplotlib-inline = ">=0.1"
nest-asyncio = "*"
packaging = "*"
psutil = "*"
pyzmq = ">=24"
tornado = ">=6.1"
traitlets = ">=5.4.0"

[package.extras]
cov = ["coverage", "curio", "matplotlib", "pytest-cov", "trio"]
docs = ["myst-parser", "pydata-sphinx-theme", "sphinx", "sphinx-autodoc-typehints", "sphinxcontrib-github-alt", "sphinxcontrib-spelling", "trio"]
pyqt5 = ["pyqt5"]
pyside6 = ["pyside6"]
test = ["flaky", "ipyparallel", "pre-commit", "pytest-asyncio (>=0.23.5)", "pytest-cov", "pytest-timeout", "pytest (>=7.0)"]

[[package]]
name = "ipython"
version = "8.23.0"
description = "IPython: Productive Interactive Computing"
category = "main"
optional = false
python-versions = ">=3.10"

[package.dependencies]
colorama = {version = "*", markers = "sys_platform == \"win32\""}
decorator = "*"
exceptiongroup = {version = "*", markers = "python_version < \"3.11\""}
jedi = ">=0.16"
matplotlib-inline = "*"
pexpect = {version = ">4.3", markers = "sys_platform != \"win32\" and sys_platform != \"emscripten\""}
prompt-toolkit = ">=3.0.41,<3.1.0"
pygments = ">=2.4.0"
stack-data = "*"
traitlets = ">=5.13.0"
typing-extensions = {version = "*", markers = "python_version < \"3.12\""}

[package.extras]
all = ["ipython", "ipython"]
black = ["black"]
doc = ["ipykernel", "setuptools (>=18.5)", "sphinx (>=1.3)", "sphinx-rtd-theme", "sphinxcontrib-jquery", "docrepr", "matplotlib", "stack-data", "typing-extensions", "exceptiongroup", "ipython"]
kernel = ["ipykernel"]
matplotlib = ["matplotlib"]
nbconvert = ["nbconvert"]
nbformat = ["nbformat"]
notebook = ["ipywidgets", "notebook"]
parallel = ["ipyparallel"]
qtconsole = ["qtconsole"]
test = ["pytest (<8)", "pytest-asyncio (<0.22)", "testpath", "pickleshare"]
test-extra = ["ipython", "curio", "matplotlib (!=3.2.0)", "nbformat", "numpy (>=1.23)", "pandas", "trio"]

[[package]]
name = "jedi"
version = "0.19.1"
description = "An autocompletion tool for Python that can be used for text editors."
category = "main"
optional = false
python-versions = ">=3.6"

[package.dependencies]
parso = ">=0.8.3,<0.9.0"

[package.extras]
docs = ["Jinja2 (==2.11.3)", "MarkupSafe (==1.1.1)", "Pygments (==2.8.1)", "alabaster (==0.7.12)", "babel (==2.9.1)", "chardet (==4.0.0)", "commonmark (==0.8.1)", "docutils (==0.17.1)", "future (==0.18.2)", "idna (==2.10)", "imagesize (==1.2.0)", "mock (==1.0.1)", "packaging (==20.9)", "pyparsing (==2.4.7)", "pytz (==2021.1)", "readthedocs-sphinx-ext (==2.1.4)", "recommonmark (==0.5.0)", "requests (==2.25.1)", "six (==1.15.0)", "snowballstemmer (==2.1.0)", "sphinx-rtd-theme (==0.4.3)", "sphinx (==1.8.5)", "sphinxcontrib-serializinghtml (==1.1.4)", "sphinxcontrib-websupport (==1.2.4)", "urllib3 (==1.26.4)"]
qa = ["flake8 (==5.0.4)", "mypy (==0.971)", "types-setuptools (==67.2.0.1)"]
testing = ["django", "attrs", "colorama", "docopt", "pytest (<7.0.0)"]

[[package]]
name = "jupyter-client"
version = "8.6.1"
description = "Jupyter protocol implementation and client libraries"
category = "main"
optional = false
python-versions = ">=3.8"

[package.dependencies]
jupyter-core = ">=4.12,<5.0.0 || >=5.1.0"
python-dateutil = ">=2.8.2"
pyzmq = ">=23.0"
tornado = ">=6.2"
traitlets = ">=5.3"

[package.extras]
docs = ["ipykernel", "myst-parser", "pydata-sphinx-theme", "sphinx-autodoc-typehints", "sphinx (>=4)", "sphinxcontrib-github-alt", "sphinxcontrib-spelling"]
test = ["coverage", "ipykernel (>=6.14)", "mypy", "paramiko", "pre-commit", "pytest", "pytest-cov", "pytest-jupyter[client] (>=0.4.1)", "pytest-timeout"]

[[package]]
name = "jupyter-core"
version = "5.7.2"
description = "Jupyter core package. A base package on which Jupyter projects rely."
category = "main"
optional = false
python-versions = ">=3.8"

[package.dependencies]
platformdirs = ">=2.5"
pywin32 = {version = ">=300", markers = "sys_platform == \"win32\" and platform_python_implementation != \"PyPy\""}
traitlets = ">=5.3"

[package.extras]
docs = ["myst-parser", "pydata-sphinx-theme", "sphinx-autodoc-typehints", "sphinxcontrib-github-alt", "sphinxcontrib-spelling", "traitlets"]
test = ["ipykernel", "pre-commit", "pytest-cov", "pytest-timeout", "pytest (<8)"]

[[package]]
name = "kubernetes"
version = "29.0.0"
description = "Kubernetes python client"
category = "main"
optional = false
python-versions = ">=3.6"

[package.dependencies]
certifi = ">=14.05.14"
google-auth = ">=1.0.1"
oauthlib = ">=3.2.2"
python-dateutil = ">=2.5.3"
pyyaml = ">=5.4.1"
requests = "*"
requests-oauthlib = "*"
six = ">=1.9.0"
urllib3 = ">=1.24.2"
websocket-client = ">=0.32.0,<0.40.0 || >0.40.0,<0.41.0 || >=0.43.0"

[package.extras]
adal = ["adal (>=1.0.2)"]

[[package]]
name = "matplotlib-inline"
version = "0.1.6"
description = "Inline Matplotlib backend for Jupyter"
category = "main"
optional = false
python-versions = ">=3.5"

[package.dependencies]
traitlets = "*"

[[package]]
name = "mmh3"
version = "4.1.0"
description = "Python extension for MurmurHash (MurmurHash3), a set of fast and robust hash functions."
category = "main"
optional = false
python-versions = "*"

[package.extras]
test = ["mypy (>=1.0)", "pytest (>=7.0.0)"]

[[package]]
name = "monotonic"
version = "1.6"
description = "An implementation of time.monotonic() for Python 2 & < 3.3"
category = "main"
optional = false
python-versions = "*"

[[package]]
name = "mpmath"
version = "1.3.0"
description = "Python library for arbitrary-precision floating-point arithmetic"
category = "main"
optional = false
python-versions = "*"

[package.extras]
develop = ["pytest (>=4.6)", "pycodestyle", "pytest-cov", "codecov", "wheel"]
docs = ["sphinx"]
gmpy = ["gmpy2 (>=2.1.0a4)"]
tests = ["pytest (>=4.6)"]

[[package]]
name = "nest-asyncio"
version = "1.6.0"
description = "Patch asyncio to allow nested event loops"
category = "main"
optional = false
python-versions = ">=3.5"

[[package]]
name = "numpy"
version = "1.26.4"
description = "Fundamental package for array computing in Python"
category = "main"
optional = false
python-versions = ">=3.9"

[[package]]
name = "oauthlib"
version = "3.2.2"
description = "A generic, spec-compliant, thorough implementation of the OAuth request-signing logic"
category = "main"
optional = false
python-versions = ">=3.6"

[package.extras]
rsa = ["cryptography (>=3.0.0)"]
signals = ["blinker (>=1.4.0)"]
signedtoken = ["cryptography (>=3.0.0)", "pyjwt (>=2.0.0,<3)"]

[[package]]
name = "onnxruntime"
version = "1.17.1"
description = "ONNX Runtime is a runtime accelerator for Machine Learning models"
category = "main"
optional = false
python-versions = "*"

[package.dependencies]
coloredlogs = "*"
flatbuffers = "*"
numpy = ">=1.21.6"
packaging = "*"
protobuf = "*"
sympy = "*"

[[package]]
name = "openai"
version = "1.14.3"
description = "The official Python library for the openai API"
category = "main"
optional = false
python-versions = ">=3.7.1"

[package.dependencies]
anyio = ">=3.5.0,<5"
distro = ">=1.7.0,<2"
httpx = ">=0.23.0,<1"
pydantic = ">=1.9.0,<3"
sniffio = "*"
tqdm = ">4"
typing-extensions = ">=4.7,<5"

[package.extras]
datalib = ["numpy (>=1)", "pandas-stubs (>=1.1.0.11)", "pandas (>=1.2.3)"]

[[package]]
name = "opentelemetry-api"
version = "1.23.0"
description = "OpenTelemetry Python API"
category = "main"
optional = false
python-versions = ">=3.8"

[package.dependencies]
deprecated = ">=1.2.6"
importlib-metadata = ">=6.0,<7.0"

[[package]]
name = "opentelemetry-exporter-otlp-proto-common"
version = "1.23.0"
description = "OpenTelemetry Protobuf encoding"
category = "main"
optional = false
python-versions = ">=3.8"

[package.dependencies]
opentelemetry-proto = "1.23.0"

[[package]]
name = "opentelemetry-exporter-otlp-proto-grpc"
version = "1.23.0"
description = "OpenTelemetry Collector Protobuf over gRPC Exporter"
category = "main"
optional = false
python-versions = ">=3.8"

[package.dependencies]
deprecated = ">=1.2.6"
googleapis-common-protos = ">=1.52,<2.0"
grpcio = ">=1.0.0,<2.0.0"
opentelemetry-api = ">=1.15,<2.0"
opentelemetry-exporter-otlp-proto-common = "1.23.0"
opentelemetry-proto = "1.23.0"
opentelemetry-sdk = ">=1.23.0,<1.24.0"

[package.extras]
test = ["pytest-grpc"]

[[package]]
name = "opentelemetry-instrumentation"
version = "0.44b0"
description = "Instrumentation Tools & Auto Instrumentation for OpenTelemetry Python"
category = "main"
optional = false
python-versions = ">=3.8"

[package.dependencies]
opentelemetry-api = ">=1.4,<2.0"
wrapt = ">=1.0.0,<2.0.0"

[[package]]
name = "opentelemetry-instrumentation-asgi"
version = "0.44b0"
description = "ASGI instrumentation for OpenTelemetry"
category = "main"
optional = false
python-versions = ">=3.8"

[package.dependencies]
asgiref = ">=3.0,<4.0"
opentelemetry-api = ">=1.12,<2.0"
opentelemetry-instrumentation = "0.44b0"
opentelemetry-semantic-conventions = "0.44b0"
opentelemetry-util-http = "0.44b0"

[package.extras]
instruments = ["asgiref (>=3.0,<4.0)"]
test = ["opentelemetry-instrumentation-asgi", "opentelemetry-test-utils (==0.44b0)"]

[[package]]
name = "opentelemetry-instrumentation-fastapi"
version = "0.44b0"
description = "OpenTelemetry FastAPI Instrumentation"
category = "main"
optional = false
python-versions = ">=3.8"

[package.dependencies]
opentelemetry-api = ">=1.12,<2.0"
opentelemetry-instrumentation = "0.44b0"
opentelemetry-instrumentation-asgi = "0.44b0"
opentelemetry-semantic-conventions = "0.44b0"
opentelemetry-util-http = "0.44b0"

[package.extras]
instruments = ["fastapi (>=0.58,<1.0)"]
test = ["httpx (>=0.22,<1.0)", "opentelemetry-instrumentation-fastapi", "opentelemetry-test-utils (==0.44b0)", "requests (>=2.23,<3.0)"]

[[package]]
name = "opentelemetry-proto"
version = "1.23.0"
description = "OpenTelemetry Python Proto"
category = "main"
optional = false
python-versions = ">=3.8"

[package.dependencies]
protobuf = ">=3.19,<5.0"

[[package]]
name = "opentelemetry-sdk"
version = "1.23.0"
description = "OpenTelemetry Python SDK"
category = "main"
optional = false
python-versions = ">=3.8"

[package.dependencies]
opentelemetry-api = "1.23.0"
opentelemetry-semantic-conventions = "0.44b0"
typing-extensions = ">=3.7.4"

[[package]]
name = "opentelemetry-semantic-conventions"
version = "0.44b0"
description = "OpenTelemetry Semantic Conventions"
category = "main"
optional = false
python-versions = ">=3.8"

[[package]]
name = "opentelemetry-util-http"
version = "0.44b0"
description = "Web util for OpenTelemetry"
category = "main"
optional = false
python-versions = ">=3.8"

[[package]]
name = "orjson"
version = "3.9.15"
description = "Fast, correct Python JSON library supporting dataclasses, datetimes, and numpy"
category = "main"
optional = false
python-versions = ">=3.8"

[[package]]
name = "overrides"
version = "7.7.0"
description = "A decorator to automatically detect mismatch when overriding a method."
category = "main"
optional = false
python-versions = ">=3.6"

[[package]]
name = "packaging"
version = "24.0"
description = "Core utilities for Python packages"
category = "main"
optional = false
python-versions = ">=3.7"

[[package]]
name = "pandas"
version = "2.2.1"
description = "Powerful data structures for data analysis, time series, and statistics"
category = "main"
optional = false
python-versions = ">=3.9"

[package.dependencies]
numpy = [
    {version = ">=1.22.4,<2", markers = "python_version < \"3.11\""},
    {version = ">=1.23.2,<2", markers = "python_version == \"3.11\""},
    {version = ">=1.26.0,<2", markers = "python_version >= \"3.12\""},
]
python-dateutil = ">=2.8.2"
pytz = ">=2020.1"
tzdata = ">=2022.7"

[package.extras]
test = ["hypothesis (>=6.46.1)", "pytest (>=7.3.2)", "pytest-xdist (>=2.2.0)"]
pyarrow = ["pyarrow (>=10.0.1)"]
performance = ["bottleneck (>=1.3.6)", "numba (>=0.56.4)", "numexpr (>=2.8.4)"]
computation = ["scipy (>=1.10.0)", "xarray (>=2022.12.0)"]
fss = ["fsspec (>=2022.11.0)"]
aws = ["s3fs (>=2022.11.0)"]
gcp = ["gcsfs (>=2022.11.0)", "pandas-gbq (>=0.19.0)"]
excel = ["odfpy (>=1.4.1)", "openpyxl (>=3.1.0)", "python-calamine (>=0.1.7)", "pyxlsb (>=1.0.10)", "xlrd (>=2.0.1)", "xlsxwriter (>=3.0.5)"]
parquet = ["pyarrow (>=10.0.1)"]
feather = ["pyarrow (>=10.0.1)"]
hdf5 = ["tables (>=3.8.0)"]
spss = ["pyreadstat (>=1.2.0)"]
postgresql = ["SQLAlchemy (>=2.0.0)", "psycopg2 (>=2.9.6)", "adbc-driver-postgresql (>=0.8.0)"]
mysql = ["SQLAlchemy (>=2.0.0)", "pymysql (>=1.0.2)"]
sql-other = ["SQLAlchemy (>=2.0.0)", "adbc-driver-postgresql (>=0.8.0)", "adbc-driver-sqlite (>=0.8.0)"]
html = ["beautifulsoup4 (>=4.11.2)", "html5lib (>=1.1)", "lxml (>=4.9.2)"]
xml = ["lxml (>=4.9.2)"]
plot = ["matplotlib (>=3.6.3)"]
output-formatting = ["jinja2 (>=3.1.2)", "tabulate (>=0.9.0)"]
clipboard = ["PyQt5 (>=5.15.9)", "qtpy (>=2.3.0)"]
compression = ["zstandard (>=0.19.0)"]
consortium-standard = ["dataframe-api-compat (>=0.1.7)"]
all = ["adbc-driver-postgresql (>=0.8.0)", "adbc-driver-sqlite (>=0.8.0)", "beautifulsoup4 (>=4.11.2)", "bottleneck (>=1.3.6)", "dataframe-api-compat (>=0.1.7)", "fastparquet (>=2022.12.0)", "fsspec (>=2022.11.0)", "gcsfs (>=2022.11.0)", "html5lib (>=1.1)", "hypothesis (>=6.46.1)", "jinja2 (>=3.1.2)", "lxml (>=4.9.2)", "matplotlib (>=3.6.3)", "numba (>=0.56.4)", "numexpr (>=2.8.4)", "odfpy (>=1.4.1)", "openpyxl (>=3.1.0)", "pandas-gbq (>=0.19.0)", "psycopg2 (>=2.9.6)", "pyarrow (>=10.0.1)", "pymysql (>=1.0.2)", "PyQt5 (>=5.15.9)", "pyreadstat (>=1.2.0)", "pytest (>=7.3.2)", "pytest-xdist (>=2.2.0)", "python-calamine (>=0.1.7)", "pyxlsb (>=1.0.10)", "qtpy (>=2.3.0)", "scipy (>=1.10.0)", "s3fs (>=2022.11.0)", "SQLAlchemy (>=2.0.0)", "tables (>=3.8.0)", "tabulate (>=0.9.0)", "xarray (>=2022.12.0)", "xlrd (>=2.0.1)", "xlsxwriter (>=3.0.5)", "zstandard (>=0.19.0)"]

[[package]]
name = "parso"
version = "0.8.3"
description = "A Python Parser"
category = "main"
optional = false
python-versions = ">=3.6"

[package.extras]
qa = ["flake8 (==3.8.3)", "mypy (==0.782)"]
testing = ["docopt", "pytest (<6.0.0)"]

[[package]]
name = "pexpect"
version = "4.9.0"
description = "Pexpect allows easy control of interactive console applications."
category = "main"
optional = false
python-versions = "*"

[package.dependencies]
ptyprocess = ">=0.5"

[[package]]
name = "platformdirs"
version = "4.2.0"
description = "A small Python package for determining appropriate platform-specific dirs, e.g. a \"user data dir\"."
category = "main"
optional = false
python-versions = ">=3.8"

[package.extras]
docs = ["furo (>=2023.9.10)", "proselint (>=0.13)", "sphinx-autodoc-typehints (>=1.25.2)", "sphinx (>=7.2.6)"]
test = ["appdirs (==1.4.4)", "covdefaults (>=2.3)", "pytest-cov (>=4.1)", "pytest-mock (>=3.12)", "pytest (>=7.4.3)"]

[[package]]
name = "posthog"
version = "3.5.0"
description = "Integrate PostHog into any python application."
category = "main"
optional = false
python-versions = "*"

[package.dependencies]
backoff = ">=1.10.0"
monotonic = ">=1.5"
python-dateutil = ">2.1"
requests = ">=2.7,<3.0"
six = ">=1.5"

[package.extras]
dev = ["black", "isort", "flake8", "flake8-print", "pre-commit"]
sentry = ["sentry-sdk", "django"]
test = ["mock (>=2.0.0)", "freezegun (==0.3.15)", "pylint", "flake8", "coverage", "pytest", "pytest-timeout"]

[[package]]
name = "prompt-toolkit"
version = "3.0.43"
description = "Library for building powerful interactive command lines in Python"
category = "main"
optional = false
python-versions = ">=3.7.0"

[package.dependencies]
wcwidth = "*"

[[package]]
name = "protobuf"
version = "4.25.3"
description = ""
category = "main"
optional = false
python-versions = ">=3.8"

[[package]]
name = "psutil"
version = "5.9.8"
description = "Cross-platform lib for process and system monitoring in Python."
category = "main"
optional = false
python-versions = ">=2.7, !=3.0.*, !=3.1.*, !=3.2.*, !=3.3.*, !=3.4.*, !=3.5.*"

[package.extras]
test = ["enum34", "ipaddress", "mock", "pywin32", "wmi"]

[[package]]
name = "ptyprocess"
version = "0.7.0"
description = "Run a subprocess in a pseudo terminal"
category = "main"
optional = false
python-versions = "*"

[[package]]
name = "pulsar-client"
version = "3.4.0"
description = "Apache Pulsar Python client library"
category = "main"
optional = false
python-versions = "*"

[package.dependencies]
certifi = "*"

[package.extras]
all = ["apache-bookkeeper-client (>=4.16.1)", "fastavro (>=1.9.2)", "grpcio (>=1.60.0)", "prometheus-client", "protobuf (>=3.6.1,<=3.20.3)", "ratelimit"]
avro = ["fastavro (>=1.9.2)"]
functions = ["apache-bookkeeper-client (>=4.16.1)", "grpcio (>=1.60.0)", "prometheus-client", "protobuf (>=3.6.1,<=3.20.3)", "ratelimit"]

[[package]]
name = "pure-eval"
version = "0.2.2"
description = "Safely evaluate AST nodes without side effects"
category = "main"
optional = false
python-versions = "*"

[package.extras]
tests = ["pytest"]

[[package]]
name = "pyasn1"
version = "0.5.1"
description = "Pure-Python implementation of ASN.1 types and DER/BER/CER codecs (X.208)"
category = "main"
optional = false
python-versions = "!=3.0.*,!=3.1.*,!=3.2.*,!=3.3.*,!=3.4.*,!=3.5.*,>=2.7"

[[package]]
name = "pyasn1-modules"
version = "0.3.0"
description = "A collection of ASN.1-based protocols modules"
category = "main"
optional = false
python-versions = "!=3.0.*,!=3.1.*,!=3.2.*,!=3.3.*,!=3.4.*,!=3.5.*,>=2.7"

[package.dependencies]
pyasn1 = ">=0.4.6,<0.6.0"

[[package]]
name = "pycparser"
version = "2.22"
description = "C parser in Python"
category = "main"
optional = false
python-versions = ">=3.8"

[[package]]
name = "pydantic"
version = "2.6.4"
description = "Data validation using Python type hints"
category = "main"
optional = false
python-versions = ">=3.8"

[package.dependencies]
annotated-types = ">=0.4.0"
pydantic-core = "2.16.3"
typing-extensions = ">=4.6.1"

[package.extras]
email = ["email-validator (>=2.0.0)"]

[[package]]
name = "pydantic-core"
version = "2.16.3"
description = ""
category = "main"
optional = false
python-versions = ">=3.8"

[package.dependencies]
typing-extensions = ">=4.6.0,<4.7.0 || >4.7.0"

[[package]]
name = "pygments"
version = "2.17.2"
description = "Pygments is a syntax highlighting package written in Python."
category = "main"
optional = false
python-versions = ">=3.7"

[package.extras]
plugins = ["importlib-metadata"]
windows-terminal = ["colorama (>=0.4.6)"]

[[package]]
name = "pypika"
version = "0.48.9"
description = "A SQL query builder API for Python"
category = "main"
optional = false
python-versions = "*"

[[package]]
name = "pyproject-hooks"
version = "1.0.0"
description = "Wrappers to call pyproject.toml-based build backend hooks."
category = "main"
optional = false
python-versions = ">=3.7"

[package.dependencies]
tomli = {version = ">=1.1.0", markers = "python_version < \"3.11\""}

[[package]]
name = "pyreadline3"
version = "3.4.1"
description = "A python implementation of GNU readline."
category = "main"
optional = false
python-versions = "*"

[[package]]
name = "python-dateutil"
version = "2.9.0.post0"
description = "Extensions to the standard Python datetime module"
category = "main"
optional = false
python-versions = "!=3.0.*,!=3.1.*,!=3.2.*,>=2.7"

[package.dependencies]
six = ">=1.5"

[[package]]
name = "python-dotenv"
version = "1.0.1"
description = "Read key-value pairs from a .env file and set them as environment variables"
category = "main"
optional = false
python-versions = ">=3.8"

[package.extras]
cli = ["click (>=5.0)"]

[[package]]
name = "pytz"
version = "2024.1"
description = "World timezone definitions, modern and historical"
category = "main"
optional = false
python-versions = "*"

[[package]]
name = "pywin32"
version = "306"
description = "Python for Window Extensions"
category = "main"
optional = false
python-versions = "*"

[[package]]
name = "pyyaml"
version = "6.0.1"
description = "YAML parser and emitter for Python"
category = "main"
optional = false
python-versions = ">=3.6"

[[package]]
name = "pyzmq"
version = "25.1.2"
description = "Python bindings for 0MQ"
category = "main"
optional = false
python-versions = ">=3.6"

[package.dependencies]
cffi = {version = "*", markers = "implementation_name == \"pypy\""}

[[package]]
name = "requests"
version = "2.31.0"
description = "Python HTTP for Humans."
category = "main"
optional = false
python-versions = ">=3.7"

[package.dependencies]
certifi = ">=2017.4.17"
charset-normalizer = ">=2,<4"
idna = ">=2.5,<4"
urllib3 = ">=1.21.1,<3"

[package.extras]
socks = ["PySocks (>=1.5.6,!=1.5.7)"]
use_chardet_on_py3 = ["chardet (>=3.0.2,<6)"]

[[package]]
name = "requests-oauthlib"
version = "1.4.0"
description = "OAuthlib authentication support for Requests."
category = "main"
optional = false
python-versions = ">=2.7, !=3.0.*, !=3.1.*, !=3.2.*, !=3.3.*"

[package.dependencies]
oauthlib = ">=3.0.0"
requests = ">=2.0.0"

[package.extras]
rsa = ["oauthlib[signedtoken] (>=3.0.0)"]

[[package]]
name = "rsa"
version = "4.9"
description = "Pure-Python RSA implementation"
category = "main"
optional = false
python-versions = ">=3.6,<4"

[package.dependencies]
pyasn1 = ">=0.1.3"

[[package]]
name = "six"
version = "1.16.0"
description = "Python 2 and 3 compatibility utilities"
category = "main"
optional = false
python-versions = ">=2.7, !=3.0.*, !=3.1.*, !=3.2.*"

[[package]]
name = "sniffio"
version = "1.3.1"
description = "Sniff out which async library your code is running under"
category = "main"
optional = false
python-versions = ">=3.7"

[[package]]
name = "stack-data"
version = "0.6.3"
description = "Extract data from python stack frames and tracebacks for informative displays"
category = "main"
optional = false
python-versions = "*"

[package.dependencies]
asttokens = ">=2.1.0"
executing = ">=1.2.0"
pure-eval = "*"

[package.extras]
tests = ["pytest", "typeguard", "pygments", "littleutils", "cython"]

[[package]]
name = "starlette"
version = "0.36.3"
description = "The little ASGI library that shines."
category = "main"
optional = false
python-versions = ">=3.8"

[package.dependencies]
anyio = ">=3.4.0,<5"

[package.extras]
full = ["httpx (>=0.22.0)", "itsdangerous", "jinja2", "python-multipart (>=0.0.7)", "pyyaml"]

[[package]]
name = "sympy"
version = "1.12"
description = "Computer algebra system (CAS) in Python"
category = "main"
optional = false
python-versions = ">=3.8"

[package.dependencies]
mpmath = ">=0.19"

[[package]]
name = "tenacity"
version = "8.2.3"
description = "Retry code until it succeeds"
category = "main"
optional = false
python-versions = ">=3.7"

[package.extras]
doc = ["reno", "sphinx", "tornado (>=4.5)"]

[[package]]
name = "tokenizers"
version = "0.15.2"
description = ""
category = "main"
optional = false
python-versions = ">=3.7"

[package.dependencies]
huggingface_hub = ">=0.16.4,<1.0"

[package.extras]
testing = ["pytest", "requests", "numpy", "datasets", "black (==22.3)"]
docs = ["sphinx", "sphinx-rtd-theme", "setuptools-rust"]
dev = ["tokenizers"]

[[package]]
name = "tomli"
version = "2.0.1"
description = "A lil' TOML parser"
category = "main"
optional = false
python-versions = ">=3.7"

[[package]]
name = "tornado"
version = "6.4"
description = "Tornado is a Python web framework and asynchronous networking library, originally developed at FriendFeed."
category = "main"
optional = false
python-versions = ">= 3.8"

[[package]]
name = "tqdm"
version = "4.66.2"
description = "Fast, Extensible Progress Meter"
category = "main"
optional = false
python-versions = ">=3.7"

[package.dependencies]
colorama = {version = "*", markers = "platform_system == \"Windows\""}

[package.extras]
dev = ["pytest (>=6)", "pytest-cov", "pytest-timeout", "pytest-xdist"]
notebook = ["ipywidgets (>=6)"]
slack = ["slack-sdk"]
telegram = ["requests"]

[[package]]
name = "traitlets"
version = "5.14.2"
description = "Traitlets Python configuration system"
category = "main"
optional = false
python-versions = ">=3.8"

[package.extras]
docs = ["myst-parser", "pydata-sphinx-theme", "sphinx"]
test = ["argcomplete (>=3.0.3)", "mypy (>=1.7.0)", "pre-commit", "pytest-mock", "pytest-mypy-testing", "pytest (>=7.0,<8.1)"]

[[package]]
name = "typer"
version = "0.9.0"
description = "Typer, build great CLIs. Easy to code. Based on Python type hints."
category = "main"
optional = false
python-versions = ">=3.6"

[package.dependencies]
click = ">=7.1.1,<9.0.0"
typing-extensions = ">=3.7.4.3"

[package.extras]
all = ["colorama (>=0.4.3,<0.5.0)", "shellingham (>=1.3.0,<2.0.0)", "rich (>=10.11.0,<14.0.0)"]
dev = ["autoflake (>=1.3.1,<2.0.0)", "flake8 (>=3.8.3,<4.0.0)", "pre-commit (>=2.17.0,<3.0.0)"]
doc = ["mkdocs (>=1.1.2,<2.0.0)", "mkdocs-material (>=8.1.4,<9.0.0)", "mdx-include (>=1.4.1,<2.0.0)", "pillow (>=9.3.0,<10.0.0)", "cairosvg (>=2.5.2,<3.0.0)"]
test = ["shellingham (>=1.3.0,<2.0.0)", "pytest (>=4.4.0,<8.0.0)", "pytest-cov (>=2.10.0,<5.0.0)", "coverage (>=6.2,<7.0)", "pytest-xdist (>=1.32.0,<4.0.0)", "pytest-sugar (>=0.9.4,<0.10.0)", "mypy (==0.910)", "black (>=22.3.0,<23.0.0)", "isort (>=5.0.6,<6.0.0)", "rich (>=10.11.0,<14.0.0)"]

[[package]]
name = "typing-extensions"
version = "4.10.0"
description = "Backported and Experimental Type Hints for Python 3.8+"
category = "main"
optional = false
python-versions = ">=3.8"

[[package]]
name = "tzdata"
version = "2024.1"
description = "Provider of IANA time zone data"
category = "main"
optional = false
python-versions = ">=2"

[[package]]
name = "urllib3"
version = "2.2.1"
description = "HTTP library with thread-safe connection pooling, file post, and more."
category = "main"
optional = false
python-versions = ">=3.8"

[package.extras]
brotli = ["brotli (>=1.0.9)", "brotlicffi (>=0.8.0)"]
h2 = ["h2 (>=4,<5)"]
socks = ["pysocks (>=1.5.6,!=1.5.7,<2.0)"]
zstd = ["zstandard (>=0.18.0)"]

[[package]]
name = "uvicorn"
version = "0.29.0"
description = "The lightning-fast ASGI server."
category = "main"
optional = false
python-versions = ">=3.8"

[package.dependencies]
click = ">=7.0"
colorama = {version = ">=0.4", optional = true, markers = "sys_platform == \"win32\" and extra == \"standard\""}
h11 = ">=0.8"
httptools = {version = ">=0.5.0", optional = true, markers = "extra == \"standard\""}
python-dotenv = {version = ">=0.13", optional = true, markers = "extra == \"standard\""}
pyyaml = {version = ">=5.1", optional = true, markers = "extra == \"standard\""}
typing-extensions = {version = ">=4.0", markers = "python_version < \"3.11\""}
uvloop = {version = ">=0.14.0,<0.15.0 || >0.15.0,<0.15.1 || >0.15.1", optional = true, markers = "sys_platform != \"win32\" and sys_platform != \"cygwin\" and platform_python_implementation != \"PyPy\" and extra == \"standard\""}
watchfiles = {version = ">=0.13", optional = true, markers = "extra == \"standard\""}
websockets = {version = ">=10.4", optional = true, markers = "extra == \"standard\""}

[package.extras]
standard = ["colorama (>=0.4)", "httptools (>=0.5.0)", "python-dotenv (>=0.13)", "pyyaml (>=5.1)", "uvloop (>=0.14.0,!=0.15.0,!=0.15.1)", "watchfiles (>=0.13)", "websockets (>=10.4)"]

[[package]]
name = "uvloop"
version = "0.19.0"
description = "Fast implementation of asyncio event loop on top of libuv"
category = "main"
optional = false
python-versions = ">=3.8.0"

[package.extras]
docs = ["Sphinx (>=4.1.2,<4.2.0)", "sphinxcontrib-asyncio (>=0.3.0,<0.4.0)", "sphinx-rtd-theme (>=0.5.2,<0.6.0)"]
test = ["flake8 (>=5.0,<6.0)", "psutil", "pycodestyle (>=2.9.0,<2.10.0)", "pyOpenSSL (>=23.0.0,<23.1.0)", "mypy (>=0.800)", "Cython (>=0.29.36,<0.30.0)", "aiohttp (>=3.8.1)", "aiohttp (==3.9.0b0)"]

[[package]]
name = "watchfiles"
version = "0.21.0"
description = "Simple, modern and high performance file watching and code reload in python."
category = "main"
optional = false
python-versions = ">=3.8"

[package.dependencies]
anyio = ">=3.0.0"

[[package]]
name = "wcwidth"
version = "0.2.13"
description = "Measures the displayed width of unicode strings in a terminal"
category = "main"
optional = false
python-versions = "*"

[[package]]
name = "websocket-client"
version = "1.7.0"
description = "WebSocket client for Python with low level API options"
category = "main"
optional = false
python-versions = ">=3.8"

[package.extras]
docs = ["Sphinx (>=6.0)", "sphinx-rtd-theme (>=1.1.0)"]
optional = ["python-socks", "wsaccel"]
test = ["websockets"]

[[package]]
name = "websockets"
version = "12.0"
description = "An implementation of the WebSocket Protocol (RFC 6455 & 7692)"
category = "main"
optional = false
python-versions = ">=3.8"

[[package]]
name = "wrapt"
version = "1.16.0"
description = "Module for decorators, wrappers and monkey patching."
category = "main"
optional = false
python-versions = ">=3.6"

[[package]]
name = "zipp"
version = "3.18.0"
description = "Backport of pathlib-compatible object wrapper for zip files"
category = "main"
optional = false
python-versions = ">=3.8"

[package.extras]
docs = ["sphinx (>=3.5)", "jaraco.packaging (>=9.3)", "rst.linker (>=1.9)", "furo", "sphinx-lint", "jaraco.tidelift (>=1.4)"]
testing = ["pytest (>=6)", "pytest-checkdocs (>=2.4)", "pytest-cov", "pytest-enabler (>=2.2)", "pytest-ruff (>=0.2.1)", "jaraco.itertools", "jaraco.functools", "more-itertools", "big-o", "pytest-ignore-flaky", "pytest-mypy"]

[metadata]
lock-version = "1.1"
python-versions = "^3.10"
content-hash = "619bc8ae63c08cf59771f198cab44384f6bb8b5661dc583579389898de610e70"

[metadata.files]
annotated-types = []
anyio = []
appnope = []
asgiref = []
asttokens = []
backoff = []
bcrypt = []
build = []
cachetools = []
certifi = []
cffi = []
charset-normalizer = []
chroma-hnswlib = []
chromadb = []
click = []
colorama = []
coloredlogs = []
comm = []
debugpy = []
decorator = []
deprecated = []
distro = []
exceptiongroup = []
executing = []
fastapi = []
filelock = []
flatbuffers = []
fsspec = []
google-auth = []
googleapis-common-protos = []
grpcio = []
h11 = []
httpcore = []
httptools = []
httpx = []
huggingface-hub = []
humanfriendly = []
idna = []
importlib-metadata = []
importlib-resources = []
ipykernel = []
ipython = []
jedi = []
jupyter-client = []
jupyter-core = []
kubernetes = []
matplotlib-inline = []
mmh3 = []
monotonic = []
mpmath = []
nest-asyncio = []
numpy = []
oauthlib = []
onnxruntime = []
openai = []
opentelemetry-api = []
opentelemetry-exporter-otlp-proto-common = []
opentelemetry-exporter-otlp-proto-grpc = []
opentelemetry-instrumentation = []
opentelemetry-instrumentation-asgi = []
opentelemetry-instrumentation-fastapi = []
opentelemetry-proto = []
opentelemetry-sdk = []
opentelemetry-semantic-conventions = []
opentelemetry-util-http = []
orjson = []
overrides = []
packaging = []
pandas = []
parso = []
pexpect = []
platformdirs = []
posthog = []
prompt-toolkit = []
protobuf = []
psutil = []
ptyprocess = []
pulsar-client = []
pure-eval = []
pyasn1 = []
pyasn1-modules = []
pycparser = []
pydantic = []
pydantic-core = []
pygments = []
pypika = []
pyproject-hooks = []
pyreadline3 = []
python-dateutil = []
python-dotenv = []
pytz = []
pywin32 = []
pyyaml = []
pyzmq = []
requests = []
requests-oauthlib = []
rsa = []
six = []
sniffio = []
stack-data = []
starlette = []
sympy = []
tenacity = []
tokenizers = []
tomli = []
tornado = []
tqdm = []
traitlets = []
typer = []
typing-extensions = []
tzdata = []
urllib3 = []
uvicorn = []
uvloop = []
watchfiles = []
wcwidth = []
websocket-client = []
websockets = []
wrapt = []
zipp = []
